
Microsoft Visual Studio Solution File, Format Version 12.00
# Visual Studio Version 17
VisualStudioVersion = 17.6.33829.357
MinimumVisualStudioVersion = 10.0.40219.1
Project("{FAE04EC0-301F-11D3-BF4B-00C04F79EFBC}") = "ExpenseTracking", "ExpenseTracking\ExpenseTracking.csproj", "{D6413E22-1910-4358-9304-3C45B8C8717F}"
EndProject
Global
	GlobalSection(SolutionConfigurationPlatforms) = preSolution
		Debug|Any CPU = Debug|Any CPU
		Release|Any CPU = Release|Any CPU
	EndGlobalSection
	GlobalSection(ProjectConfigurationPlatforms) = postSolution
		{D6413E22-1910-4358-9304-3C45B8C8717F}.Debug|Any CPU.ActiveCfg = Debug|Any CPU
		{D6413E22-1910-4358-9304-3C45B8C8717F}.Debug|Any CPU.Build.0 = Debug|Any CPU
		{D6413E22-1910-4358-9304-3C45B8C8717F}.Release|Any CPU.ActiveCfg = Release|Any CPU
		{D6413E22-1910-4358-9304-3C45B8C8717F}.Release|Any CPU.Build.0 = Release|Any CPU
	EndGlobalSection
	GlobalSection(SolutionProperties) = preSolution
		HideSolutionNode = FALSE
	EndGlobalSection
	GlobalSection(ExtensibilityGlobals) = postSolution
		SolutionGuid = {1C8E2691-AE0A-484D-AA10-3DABCC9E4393}
	EndGlobalSection
EndGlobal
